
Microsoft Visual Studio Solution File, Format Version 12.00
# Visual Studio 15
VisualStudioVersion = 15.0.26430.15
MinimumVisualStudioVersion = 10.0.40219.1
Project("{FAE04EC0-301F-11D3-BF4B-00C04F79EFBC}") = "ISO8583_MessageSandbox", "ISO8583_MessageSandbox.csproj", "{93683D37-15DE-4CDA-80F1-34EBF2502E0E}"
EndProject
Global
	GlobalSection(SolutionConfigurationPlatforms) = preSolution
		Debug|Any CPU = Debug|Any CPU
		Release|Any CPU = Release|Any CPU
	EndGlobalSection
	GlobalSection(ProjectConfigurationPlatforms) = postSolution
		{93683D37-15DE-4CDA-80F1-34EBF2502E0E}.Debug|Any CPU.ActiveCfg = Debug|Any CPU
		{93683D37-15DE-4CDA-80F1-34EBF2502E0E}.Debug|Any CPU.Build.0 = Debug|Any CPU
		{93683D37-15DE-4CDA-80F1-34EBF2502E0E}.Release|Any CPU.ActiveCfg = Release|Any CPU
		{93683D37-15DE-4CDA-80F1-34EBF2502E0E}.Release|Any CPU.Build.0 = Release|Any CPU
	EndGlobalSection
	GlobalSection(SolutionProperties) = preSolution
		HideSolutionNode = FALSE
	EndGlobalSection
EndGlobal
